{
  "requires": true,
  "lockfileVersion": 1,
  "dependencies": {
    "gridly": {
      "version": "1.4.13",
      "resolved": "https://registry.npmjs.org/gridly/-/gridly-1.4.13.tgz",
      "integrity": "sha512-cGhavOZ3/Fo2zIRtJo1vxDrqtzwppkFQgZEWn6Sj1HmyhY9jby6sQSWZr456jsCwiG2DEAfwYEfRzChBd7wCdA=="
    }
  }
}
